// !$*UTF8*$!
{
	archiveVersion = 1;
	classes = {
	};
	objectVersion = 77;
	objects = {

/* Begin PBXBuildFile section */
		FF884FD12F959005007F4D13 /* Lottie in Frameworks */ = {isa = PBXBuildFile; productRef = FF884FD02F959005007F4D13 /* Lottie */; };
		FF884FD42F95905E007F4D13 /* Kingfisher in Frameworks */ = {isa = PBXBuildFile; productRef = FF884FD32F95905E007F4D13 /* Kingfisher */; };
/* End PBXBuildFile section */

/* Begin PBXContainerItemProxy section */
		FF884FB32F958F5F007F4D13 /* PBXContainerItemProxy */ = {
			isa = PBXContainerItemProxy;
			containerPortal = FF884F952F958F5D007F4D13 /* Project object */;
			proxyType = 1;
			remoteGlobalIDString = FF884F9C2F958F5D007F4D13;
			remoteInfo = StreamingApp;
		};
		FF884FBD2F958F5F007F4D13 /* PBXContainerItemProxy */ = {
			isa = PBXContainerItemProxy;
			containerPortal = FF884F952F958F5D007F4D13 /* Project object */;
			proxyType = 1;
			remoteGlobalIDString = FF884F9C2F958F5D007F4D13;
			remoteInfo = StreamingApp;
		};
/* End PBXContainerItemProxy section */

/* Begin PBXFileReference section */
		FF884F9D2F958F5D007F4D13 /* StreamingApp.app */ = {isa = PBXFileReference; explicitFileType = wrapper.application; includeInIndex = 0; path = StreamingApp.app; sourceTree = BUILT_PRODUCTS_DIR; };
		FF884FB22F958F5F007F4D13 /* StreamingAppTests.xctest */ = {isa = PBXFileReference; explicitFileType = wrapper.cfbundle; includeInIndex = 0; path = StreamingAppTests.xctest; sourceTree = BUILT_PRODUCTS_DIR; };
		FF884FBC2F958F5F007F4D13 /* StreamingAppUITests.xctest */ = {isa = PBXFileReference; explicitFileType = wrapper.cfbundle; includeInIndex = 0; path = StreamingAppUITests.xctest; sourceTree = BUILT_PRODUCTS_DIR; };
/* End PBXFileReference section */

/* Begin PBXFileSystemSynchronizedBuildFileExceptionSet section */
		D109174B2F9BDEC200239995 /* Exceptions for "StreamingApp" folder in "StreamingApp" target */ = {
			isa = PBXFileSystemSynchronizedBuildFileExceptionSet;
			membershipExceptions = (
				.swiftlint.yml,
				StreamingApp.xcdatamodeld,
			);
			target = FF884F9C2F958F5D007F4D13 /* StreamingApp */;
		};
/* End PBXFileSystemSynchronizedBuildFileExceptionSet section */

/* Begin PBXFileSystemSynchronizedGroupBuildPhaseMembershipExceptionSet section */
		D109174C2F9BDEC200239995 /* Exceptions for "StreamingApp" folder in "Compile Sources" phase from "StreamingApp" target */ = {
			isa = PBXFileSystemSynchronizedGroupBuildPhaseMembershipExceptionSet;
			buildPhase = FF884F992F958F5D007F4D13 /* Sources */;
			membershipExceptions = (
				.swiftlint.yml,
				StreamingApp.xcdatamodeld,
			);
		};
/* End PBXFileSystemSynchronizedGroupBuildPhaseMembershipExceptionSet section */

/* Begin PBXFileSystemSynchronizedRootGroup section */
		D10917112F9BDE2100239995 /* Layers */ = {
			isa = PBXFileSystemSynchronizedRootGroup;
			path = Layers;
			sourceTree = "<group>";
		};
		D10917432F9BDEC200239995 /* StreamingApp */ = {
			isa = PBXFileSystemSynchronizedRootGroup;
			exceptions = (
				D109174B2F9BDEC200239995 /* Exceptions for "StreamingApp" folder in "StreamingApp" target */,
				D109174C2F9BDEC200239995 /* Exceptions for "StreamingApp" folder in "Compile Sources" phase from "StreamingApp" target */,
			);
			path = StreamingApp;
			sourceTree = "<group>";
		};
		FF884FB52F958F5F007F4D13 /* StreamingAppTests */ = {
			isa = PBXFileSystemSynchronizedRootGroup;
			path = StreamingAppTests;
			sourceTree = "<group>";
		};
		FF884FBF2F958F5F007F4D13 /* StreamingAppUITests */ = {
			isa = PBXFileSystemSynchronizedRootGroup;
			path = StreamingAppUITests;
			sourceTree = "<group>";
		};
		FFA6AACB2F9A08A500F5D41B /* Presentation */ = {
			isa = PBXFileSystemSynchronizedRootGroup;
			path = Presentation;
			sourceTree = "<group>";
		};
		FFA6AACC2F9A08B600F5D41B /* Data */ = {
			isa = PBXFileSystemSynchronizedRootGroup;
			path = Data;
			sourceTree = "<group>";
		};
		FFA6AACD2F9A08D700F5D41B /* Domain */ = {
			isa = PBXFileSystemSynchronizedRootGroup;
			path = Domain;
			sourceTree = "<group>";
		};
		FFAE46722F9ABF0C00B27D9A /* Core */ = {
			isa = PBXFileSystemSynchronizedRootGroup;
			path = Core;
			sourceTree = "<group>";
		};
/* End PBXFileSystemSynchronizedRootGroup section */

/* Begin PBXFrameworksBuildPhase section */
		FF884F9A2F958F5D007F4D13 /* Frameworks */ = {
			isa = PBXFrameworksBuildPhase;
			buildActionMask = 2147483647;
			files = (
				FF884FD42F95905E007F4D13 /* Kingfisher in Frameworks */,
				FF884FD12F959005007F4D13 /* Lottie in Frameworks */,
			);
			runOnlyForDeploymentPostprocessing = 0;
		};
		FF884FAF2F958F5F007F4D13 /* Frameworks */ = {
			isa = PBXFrameworksBuildPhase;
			buildActionMask = 2147483647;
			files = (
			);
			runOnlyForDeploymentPostprocessing = 0;
		};
		FF884FB92F958F5F007F4D13 /* Frameworks */ = {
			isa = PBXFrameworksBuildPhase;
			buildActionMask = 2147483647;
			files = (
			);
			runOnlyForDeploymentPostprocessing = 0;
		};
/* End PBXFrameworksBuildPhase section */

/* Begin PBXGroup section */
		FF884F942F958F5D007F4D13 = {
			isa = PBXGroup;
			children = (
				D10917432F9BDEC200239995 /* StreamingApp */,
				D10917112F9BDE2100239995 /* Layers */,
				FFA6AACA2F9A089500F5D41B /* Layers */,
				FF884FB52F958F5F007F4D13 /* StreamingAppTests */,
				FF884FBF2F958F5F007F4D13 /* StreamingAppUITests */,
				FF884F9E2F958F5D007F4D13 /* Products */,
			);
			sourceTree = "<group>";
		};
		FF884F9E2F958F5D007F4D13 /* Products */ = {
			isa = PBXGroup;
			children = (
				FF884F9D2F958F5D007F4D13 /* StreamingApp.app */,
				FF884FB22F958F5F007F4D13 /* StreamingAppTests.xctest */,
				FF884FBC2F958F5F007F4D13 /* StreamingAppUITests.xctest */,
			);
			name = Products;
			sourceTree = "<group>";
		};
		FFA6AACA2F9A089500F5D41B /* Layers */ = {
			isa = PBXGroup;
			children = (
				FFAE46722F9ABF0C00B27D9A /* Core */,
				FFA6AACD2F9A08D700F5D41B /* Domain */,
				FFA6AACC2F9A08B600F5D41B /* Data */,
				FFA6AACB2F9A08A500F5D41B /* Presentation */,
			);
			path = Layers;
			sourceTree = "<group>";
		};
/* End PBXGroup section */

/* Begin PBXNativeTarget section */
		FF884F9C2F958F5D007F4D13 /* StreamingApp */ = {
			isa = PBXNativeTarget;
			buildConfigurationList = FF884FC62F958F5F007F4D13 /* Build configuration list for PBXNativeTarget "StreamingApp" */;
			buildPhases = (
				FF884F992F958F5D007F4D13 /* Sources */,
				FF884F9A2F958F5D007F4D13 /* Frameworks */,
				FF884F9B2F958F5D007F4D13 /* Resources */,
				FF884FD52F959202007F4D13 /* SwiftLint */,
			);
			buildRules = (
			);
			dependencies = (
			);
			fileSystemSynchronizedGroups = (
				D10917112F9BDE2100239995 /* Layers */,
				D10917432F9BDEC200239995 /* StreamingApp */,
			);
			name = StreamingApp;
			packageProductDependencies = (
				FF884FD02F959005007F4D13 /* Lottie */,
				FF884FD32F95905E007F4D13 /* Kingfisher */,
			);
			productName = StreamingApp;
			productReference = FF884F9D2F958F5D007F4D13 /* StreamingApp.app */;
			productType = "com.apple.product-type.application";
		};
		FF884FB12F958F5F007F4D13 /* StreamingAppTests */ = {
			isa = PBXNativeTarget;
			buildConfigurationList = FF884FC92F958F5F007F4D13 /* Build configuration list for PBXNativeTarget "StreamingAppTests" */;
			buildPhases = (
				FF884FAE2F958F5F007F4D13 /* Sources */,
				FF884FAF2F958F5F007F4D13 /* Frameworks */,
				FF884FB02F958F5F007F4D13 /* Resources */,
			);
			buildRules = (
			);
			dependencies = (
				FF884FB42F958F5F007F4D13 /* PBXTargetDependency */,
			);
			fileSystemSynchronizedGroups = (
				FF884FB52F958F5F007F4D13 /* StreamingAppTests */,
			);
			name = StreamingAppTests;
			packageProductDependencies = (
			);
			productName = StreamingAppTests;
			productReference = FF884FB22F958F5F007F4D13 /* StreamingAppTests.xctest */;
			productType = "com.apple.product-type.bundle.unit-test";
		};
		FF884FBB2F958F5F007F4D13 /* StreamingAppUITests */ = {
			isa = PBXNativeTarget;
			buildConfigurationList = FF884FCC2F958F5F007F4D13 /* Build configuration list for PBXNativeTarget "StreamingAppUITests" */;
			buildPhases = (
				FF884FB82F958F5F007F4D13 /* Sources */,
				FF884FB92F958F5F007F4D13 /* Frameworks */,
				FF884FBA2F958F5F007F4D13 /* Resources */,
			);
			buildRules = (
			);
			dependencies = (
				FF884FBE2F958F5F007F4D13 /* PBXTargetDependency */,
			);
			fileSystemSynchronizedGroups = (
				FF884FBF2F958F5F007F4D13 /* StreamingAppUITests */,
			);
			name = StreamingAppUITests;
			packageProductDependencies = (
			);
			productName = StreamingAppUITests;
			productReference = FF884FBC2F958F5F007F4D13 /* StreamingAppUITests.xctest */;
			productType = "com.apple.product-type.bundle.ui-testing";
		};
/* End PBXNativeTarget section */

/* Begin PBXProject section */
		FF884F952F958F5D007F4D13 /* Project object */ = {
			isa = PBXProject;
			attributes = {
				BuildIndependentTargetsInParallel = 1;
				LastSwiftUpdateCheck = 1610;
				LastUpgradeCheck = 1610;
				TargetAttributes = {
					FF884F9C2F958F5D007F4D13 = {
						CreatedOnToolsVersion = 16.1;
					};
					FF884FB12F958F5F007F4D13 = {
						CreatedOnToolsVersion = 16.1;
						TestTargetID = FF884F9C2F958F5D007F4D13;
					};
					FF884FBB2F958F5F007F4D13 = {
						CreatedOnToolsVersion = 16.1;
						TestTargetID = FF884F9C2F958F5D007F4D13;
					};
				};
			};
			buildConfigurationList = FF884F982F958F5D007F4D13 /* Build configuration list for PBXProject "StreamingApp" */;
			developmentRegion = en;
			hasScannedForEncodings = 0;
			knownRegions = (
				en,
				Base,
			);
			mainGroup = FF884F942F958F5D007F4D13;
			minimizedProjectReferenceProxies = 1;
			packageReferences = (
				FF884FCF2F959005007F4D13 /* XCRemoteSwiftPackageReference "lottie-spm" */,
				FF884FD22F95905E007F4D13 /* XCRemoteSwiftPackageReference "Kingfisher" */,
			);
			preferredProjectObjectVersion = 77;
			productRefGroup = FF884F9E2F958F5D007F4D13 /* Products */;
			projectDirPath = "";
			projectRoot = "";
			targets = (
				FF884F9C2F958F5D007F4D13 /* StreamingApp */,
				FF884FB12F958F5F007F4D13 /* StreamingAppTests */,
				FF884FBB2F958F5F007F4D13 /* StreamingAppUITests */,
			);
		};
/* End PBXProject section */

/* Begin PBXResourcesBuildPhase section */
		FF884F9B2F958F5D007F4D13 /* Resources */ = {
			isa = PBXResourcesBuildPhase;
			buildActionMask = 2147483647;
			files = (
			);
			runOnlyForDeploymentPostprocessing = 0;
		};
		FF884FB02F958F5F007F4D13 /* Resources */ = {
			isa = PBXResourcesBuildPhase;
			buildActionMask = 2147483647;
			files = (
			);
			runOnlyForDeploymentPostprocessing = 0;
		};
		FF884FBA2F958F5F007F4D13 /* Resources */ = {
			isa = PBXResourcesBuildPhase;
			buildActionMask = 2147483647;
			files = (
			);
			runOnlyForDeploymentPostprocessing = 0;
		};
/* End PBXResourcesBuildPhase section */

/* Begin PBXShellScriptBuildPhase section */
		FF884FD52F959202007F4D13 /* SwiftLint */ = {
			isa = PBXShellScriptBuildPhase;
			buildActionMask = 2147483647;
			files = (
			);
			inputFileListPaths = (
			);
			inputPaths = (
			);
			name = SwiftLint;
			outputFileListPaths = (
			);
			outputPaths = (
			);
			runOnlyForDeploymentPostprocessing = 0;
			shellPath = /bin/sh;
			shellScript = "# Type a script or drag a script file from your workspace to insert its path.\n";
		};
/* End PBXShellScriptBuildPhase section */

/* Begin PBXSourcesBuildPhase section */
		FF884F992F958F5D007F4D13 /* Sources */ = {
			isa = PBXSourcesBuildPhase;
			buildActionMask = 2147483647;
			files = (
			);
			runOnlyForDeploymentPostprocessing = 0;
		};
		FF884FAE2F958F5F007F4D13 /* Sources */ = {
			isa = PBXSourcesBuildPhase;
			buildActionMask = 2147483647;
			files = (
			);
			runOnlyForDeploymentPostprocessing = 0;
		};
		FF884FB82F958F5F007F4D13 /* Sources */ = {
			isa = PBXSourcesBuildPhase;
			buildActionMask = 2147483647;
			files = (
			);
			runOnlyForDeploymentPostprocessing = 0;
		};
/* End PBXSourcesBuildPhase section */

/* Begin PBXTargetDependency section */
		FF884FB42F958F5F007F4D13 /* PBXTargetDependency */ = {
			isa = PBXTargetDependency;
			target = FF884F9C2F958F5D007F4D13 /* StreamingApp */;
			targetProxy = FF884FB32F958F5F007F4D13 /* PBXContainerItemProxy */;
		};
		FF884FBE2F958F5F007F4D13 /* PBXTargetDependency */ = {
			isa = PBXTargetDependency;
			target = FF884F9C2F958F5D007F4D13 /* StreamingApp */;
			targetProxy = FF884FBD2F958F5F007F4D13 /* PBXContainerItemProxy */;
		};
/* End PBXTargetDependency section */

/* Begin XCBuildConfiguration section */
		FF884FC42F958F5F007F4D13 /* Debug */ = {
			isa = XCBuildConfiguration;
			buildSettings = {
				ALWAYS_SEARCH_USER_PATHS = NO;
				ASSETCATALOG_COMPILER_GENERATE_SWIFT_ASSET_SYMBOL_EXTENSIONS = YES;
				CLANG_ANALYZER_NONNULL = YES;
				CLANG_ANALYZER_NUMBER_OBJECT_CONVERSION = YES_AGGRESSIVE;
				CLANG_CXX_LANGUAGE_STANDARD = "gnu++20";
				CLANG_ENABLE_MODULES = YES;
				CLANG_ENABLE_OBJC_ARC = YES;
				CLANG_ENABLE_OBJC_WEAK = YES;
				CLANG_WARN_BLOCK_CAPTURE_AUTORELEASING = YES;
				CLANG_WARN_BOOL_CONVERSION = YES;
				CLANG_WARN_COMMA = YES;
				CLANG_WARN_CONSTANT_CONVERSION = YES;
				CLANG_WARN_DEPRECATED_OBJC_IMPLEMENTATIONS = YES;
				CLANG_WARN_DIRECT_OBJC_ISA_USAGE = YES_ERROR;
				CLANG_WARN_DOCUMENTATION_COMMENTS = YES;
				CLANG_WARN_EMPTY_BODY = YES;
				CLANG_WARN_ENUM_CONVERSION = YES;
				CLANG_WARN_INFINITE_RECURSION = YES;
				CLANG_WARN_INT_CONVERSION = YES;
				CLANG_WARN_NON_LITERAL_NULL_CONVERSION = YES;
				CLANG_WARN_OBJC_IMPLICIT_RETAIN_SELF = YES;
				CLANG_WARN_OBJC_LITERAL_CONVERSION = YES;
				CLANG_WARN_OBJC_ROOT_CLASS = YES_ERROR;
				CLANG_WARN_QUOTED_INCLUDE_IN_FRAMEWORK_HEADER = YES;
				CLANG_WARN_RANGE_LOOP_ANALYSIS = YES;
				CLANG_WARN_STRICT_PROTOTYPES = YES;
				CLANG_WARN_SUSPICIOUS_MOVE = YES;
				CLANG_WARN_UNGUARDED_AVAILABILITY = YES_AGGRESSIVE;
				CLANG_WARN_UNREACHABLE_CODE = YES;
				CLANG_WARN__DUPLICATE_METHOD_MATCH = YES;
				COPY_PHASE_STRIP = NO;
				DEBUG_INFORMATION_FORMAT = dwarf;
				ENABLE_STRICT_OBJC_MSGSEND = YES;
				ENABLE_TESTABILITY = YES;
				ENABLE_USER_SCRIPT_SANDBOXING = YES;
				GCC_C_LANGUAGE_STANDARD = gnu17;
				GCC_DYNAMIC_NO_PIC = NO;
				GCC_NO_COMMON_BLOCKS = YES;
				GCC_OPTIMIZATION_LEVEL = 0;
				GCC_PREPROCESSOR_DEFINITIONS = (
					"DEBUG=1",
					"$(inherited)",
				);
				GCC_WARN_64_TO_32_BIT_CONVERSION = YES;
				GCC_WARN_ABOUT_RETURN_TYPE = YES_ERROR;
				GCC_WARN_UNDECLARED_SELECTOR = YES;
				GCC_WARN_UNINITIALIZED_AUTOS = YES_AGGRESSIVE;
				GCC_WARN_UNUSED_FUNCTION = YES;
				GCC_WARN_UNUSED_VARIABLE = YES;
				IPHONEOS_DEPLOYMENT_TARGET = 18.1;
				LOCALIZATION_PREFERS_STRING_CATALOGS = YES;
				MTL_ENABLE_DEBUG_INFO = INCLUDE_SOURCE;
				MTL_FAST_MATH = YES;
				ONLY_ACTIVE_ARCH = YES;
				SDKROOT = iphoneos;
				SWIFT_ACTIVE_COMPILATION_CONDITIONS = "DEBUG $(inherited)";
				SWIFT_OPTIMIZATION_LEVEL = "-Onone";
			};
			name = Debug;
		};
		FF884FC52F958F5F007F4D13 /* Release */ = {
			isa = XCBuildConfiguration;
			buildSettings = {
				ALWAYS_SEARCH_USER_PATHS = NO;
				ASSETCATALOG_COMPILER_GENERATE_SWIFT_ASSET_SYMBOL_EXTENSIONS = YES;
				CLANG_ANALYZER_NONNULL = YES;
				CLANG_ANALYZER_NUMBER_OBJECT_CONVERSION = YES_AGGRESSIVE;
				CLANG_CXX_LANGUAGE_STANDARD = "gnu++20";
				CLANG_ENABLE_MODULES = YES;
				CLANG_ENABLE_OBJC_ARC = YES;
				CLANG_ENABLE_OBJC_WEAK = YES;
				CLANG_WARN_BLOCK_CAPTURE_AUTORELEASING = YES;
				CLANG_WARN_BOOL_CONVERSION = YES;
				CLANG_WARN_COMMA = YES;
				CLANG_WARN_CONSTANT_CONVERSION = YES;
				CLANG_WARN_DEPRECATED_OBJC_IMPLEMENTATIONS = YES;
				CLANG_WARN_DIRECT_OBJC_ISA_USAGE = YES_ERROR;
				CLANG_WARN_DOCUMENTATION_COMMENTS = YES;
				CLANG_WARN_EMPTY_BODY = YES;
				CLANG_WARN_ENUM_CONVERSION = YES;
				CLANG_WARN_INFINITE_RECURSION = YES;
				CLANG_WARN_INT_CONVERSION = YES;
				CLANG_WARN_NON_LITERAL_NULL_CONVERSION = YES;
				CLANG_WARN_OBJC_IMPLICIT_RETAIN_SELF = YES;
				CLANG_WARN_OBJC_LITERAL_CONVERSION = YES;
				CLANG_WARN_OBJC_ROOT_CLASS = YES_ERROR;
				CLANG_WARN_QUOTED_INCLUDE_IN_FRAMEWORK_HEADER = YES;
				CLANG_WARN_RANGE_LOOP_ANALYSIS = YES;
				CLANG_WARN_STRICT_PROTOTYPES = YES;
				CLANG_WARN_SUSPICIOUS_MOVE = YES;
				CLANG_WARN_UNGUARDED_AVAILABILITY = YES_AGGRESSIVE;
				CLANG_WARN_UNREACHABLE_CODE = YES;
				CLANG_WARN__DUPLICATE_METHOD_MATCH = YES;
				COPY_PHASE_STRIP = NO;
				DEBUG_INFORMATION_FORMAT = "dwarf-with-dsym";
				ENABLE_NS_ASSERTIONS = NO;
				ENABLE_STRICT_OBJC_MSGSEND = YES;
				ENABLE_USER_SCRIPT_SANDBOXING = YES;
				GCC_C_LANGUAGE_STANDARD = gnu17;
				GCC_NO_COMMON_BLOCKS = YES;
				GCC_WARN_64_TO_32_BIT_CONVERSION = YES;
				GCC_WARN_ABOUT_RETURN_TYPE = YES_ERROR;
				GCC_WARN_UNDECLARED_SELECTOR = YES;
				GCC_WARN_UNINITIALIZED_AUTOS = YES_AGGRESSIVE;
				GCC_WARN_UNUSED_FUNCTION = YES;
				GCC_WARN_UNUSED_VARIABLE = YES;
				IPHONEOS_DEPLOYMENT_TARGET = 18.1;
				LOCALIZATION_PREFERS_STRING_CATALOGS = YES;
				MTL_ENABLE_DEBUG_INFO = NO;
				MTL_FAST_MATH = YES;
				SDKROOT = iphoneos;
				SWIFT_COMPILATION_MODE = wholemodule;
				VALIDATE_PRODUCT = YES;
			};
			name = Release;
		};
		FF884FC72F958F5F007F4D13 /* Debug */ = {
			isa = XCBuildConfiguration;
			buildSettings = {
				ASSETCATALOG_COMPILER_APPICON_NAME = AppIcon;
				ASSETCATALOG_COMPILER_GLOBAL_ACCENT_COLOR_NAME = AccentColor;
				CODE_SIGN_STYLE = Automatic;
				CURRENT_PROJECT_VERSION = 1;
				DEVELOPMENT_ASSET_PATHS = "\"StreamingApp/Preview Content\"";
				ENABLE_PREVIEWS = YES;
				GENERATE_INFOPLIST_FILE = YES;
				INFOPLIST_KEY_UIApplicationSceneManifest_Generation = YES;
				INFOPLIST_KEY_UIApplicationSupportsIndirectInputEvents = YES;
				INFOPLIST_KEY_UILaunchScreen_Generation = YES;
				INFOPLIST_KEY_UISupportedInterfaceOrientations_iPad = "UIInterfaceOrientationPortrait UIInterfaceOrientationPortraitUpsideDown UIInterfaceOrientationLandscapeLeft UIInterfaceOrientationLandscapeRight";
				INFOPLIST_KEY_UISupportedInterfaceOrientations_iPhone = "UIInterfaceOrientationPortrait UIInterfaceOrientationLandscapeLeft UIInterfaceOrientationLandscapeRight";
				LD_RUNPATH_SEARCH_PATHS = (
					"$(inherited)",
					"@executable_path/Frameworks",
				);
				MARKETING_VERSION = 1.0;
				PRODUCT_BUNDLE_IDENTIFIER = projects.StreamingApp;
				PRODUCT_NAME = "$(TARGET_NAME)";
				SWIFT_EMIT_LOC_STRINGS = YES;
				SWIFT_VERSION = 5.0;
				TARGETED_DEVICE_FAMILY = "1,2";
			};
			name = Debug;
		};
		FF884FC82F958F5F007F4D13 /* Release */ = {
			isa = XCBuildConfiguration;
			buildSettings = {
				ASSETCATALOG_COMPILER_APPICON_NAME = AppIcon;
				ASSETCATALOG_COMPILER_GLOBAL_ACCENT_COLOR_NAME = AccentColor;
				CODE_SIGN_STYLE = Automatic;
				CURRENT_PROJECT_VERSION = 1;
				DEVELOPMENT_ASSET_PATHS = "\"StreamingApp/Preview Content\"";
				ENABLE_PREVIEWS = YES;
				GENERATE_INFOPLIST_FILE = YES;
				INFOPLIST_KEY_UIApplicationSceneManifest_Generation = YES;
				INFOPLIST_KEY_UIApplicationSupportsIndirectInputEvents = YES;
				INFOPLIST_KEY_UILaunchScreen_Generation = YES;
				INFOPLIST_KEY_UISupportedInterfaceOrientations_iPad = "UIInterfaceOrientationPortrait UIInterfaceOrientationPortraitUpsideDown UIInterfaceOrientationLandscapeLeft UIInterfaceOrientationLandscapeRight";
				INFOPLIST_KEY_UISupportedInterfaceOrientations_iPhone = "UIInterfaceOrientationPortrait UIInterfaceOrientationLandscapeLeft UIInterfaceOrientationLandscapeRight";
				LD_RUNPATH_SEARCH_PATHS = (
					"$(inherited)",
					"@executable_path/Frameworks",
				);
				MARKETING_VERSION = 1.0;
				PRODUCT_BUNDLE_IDENTIFIER = projects.StreamingApp;
				PRODUCT_NAME = "$(TARGET_NAME)";
				SWIFT_EMIT_LOC_STRINGS = YES;
				SWIFT_VERSION = 5.0;
				TARGETED_DEVICE_FAMILY = "1,2";
			};
			name = Release;
		};
		FF884FCA2F958F5F007F4D13 /* Debug */ = {
			isa = XCBuildConfiguration;
			buildSettings = {
				BUNDLE_LOADER = "$(TEST_HOST)";
				CODE_SIGN_STYLE = Automatic;
				CURRENT_PROJECT_VERSION = 1;
				GENERATE_INFOPLIST_FILE = YES;
				IPHONEOS_DEPLOYMENT_TARGET = 18.1;
				MARKETING_VERSION = 1.0;
				PRODUCT_BUNDLE_IDENTIFIER = projects.StreamingAppTests;
				PRODUCT_NAME = "$(TARGET_NAME)";
				SWIFT_EMIT_LOC_STRINGS = NO;
				SWIFT_VERSION = 5.0;
				TARGETED_DEVICE_FAMILY = "1,2";
				TEST_HOST = "$(BUILT_PRODUCTS_DIR)/StreamingApp.app/$(BUNDLE_EXECUTABLE_FOLDER_PATH)/StreamingApp";
			};
			name = Debug;
		};
		FF884FCB2F958F5F007F4D13 /* Release */ = {
			isa = XCBuildConfiguration;
			buildSettings = {
				BUNDLE_LOADER = "$(TEST_HOST)";
				CODE_SIGN_STYLE = Automatic;
				CURRENT_PROJECT_VERSION = 1;
				GENERATE_INFOPLIST_FILE = YES;
				IPHONEOS_DEPLOYMENT_TARGET = 18.1;
				MARKETING_VERSION = 1.0;
				PRODUCT_BUNDLE_IDENTIFIER = projects.StreamingAppTests;
				PRODUCT_NAME = "$(TARGET_NAME)";
				SWIFT_EMIT_LOC_STRINGS = NO;
				SWIFT_VERSION = 5.0;
				TARGETED_DEVICE_FAMILY = "1,2";
				TEST_HOST = "$(BUILT_PRODUCTS_DIR)/StreamingApp.app/$(BUNDLE_EXECUTABLE_FOLDER_PATH)/StreamingApp";
			};
			name = Release;
		};
		FF884FCD2F958F5F007F4D13 /* Debug */ = {
			isa = XCBuildConfiguration;
			buildSettings = {
				CODE_SIGN_STYLE = Automatic;
				CURRENT_PROJECT_VERSION = 1;
				GENERATE_INFOPLIST_FILE = YES;
				MARKETING_VERSION = 1.0;
				PRODUCT_BUNDLE_IDENTIFIER = projects.StreamingAppUITests;
				PRODUCT_NAME = "$(TARGET_NAME)";
				SWIFT_EMIT_LOC_STRINGS = NO;
				SWIFT_VERSION = 5.0;
				TARGETED_DEVICE_FAMILY = "1,2";
				TEST_TARGET_NAME = StreamingApp;
			};
			name = Debug;
		};
		FF884FCE2F958F5F007F4D13 /* Release */ = {
			isa = XCBuildConfiguration;
			buildSettings = {
				CODE_SIGN_STYLE = Automatic;
				CURRENT_PROJECT_VERSION = 1;
				GENERATE_INFOPLIST_FILE = YES;
				MARKETING_VERSION = 1.0;
				PRODUCT_BUNDLE_IDENTIFIER = projects.StreamingAppUITests;
				PRODUCT_NAME = "$(TARGET_NAME)";
				SWIFT_EMIT_LOC_STRINGS = NO;
				SWIFT_VERSION = 5.0;
				TARGETED_DEVICE_FAMILY = "1,2";
				TEST_TARGET_NAME = StreamingApp;
			};
			name = Release;
		};
/* End XCBuildConfiguration section */

/* Begin XCConfigurationList section */
		FF884F982F958F5D007F4D13 /* Build configuration list for PBXProject "StreamingApp" */ = {
			isa = XCConfigurationList;
			buildConfigurations = (
				FF884FC42F958F5F007F4D13 /* Debug */,
				FF884FC52F958F5F007F4D13 /* Release */,
			);
			defaultConfigurationIsVisible = 0;
			defaultConfigurationName = Release;
		};
		FF884FC62F958F5F007F4D13 /* Build configuration list for PBXNativeTarget "StreamingApp" */ = {
			isa = XCConfigurationList;
			buildConfigurations = (
				FF884FC72F958F5F007F4D13 /* Debug */,
				FF884FC82F958F5F007F4D13 /* Release */,
			);
			defaultConfigurationIsVisible = 0;
			defaultConfigurationName = Release;
		};
		FF884FC92F958F5F007F4D13 /* Build configuration list for PBXNativeTarget "StreamingAppTests" */ = {
			isa = XCConfigurationList;
			buildConfigurations = (
				FF884FCA2F958F5F007F4D13 /* Debug */,
				FF884FCB2F958F5F007F4D13 /* Release */,
			);
			defaultConfigurationIsVisible = 0;
			defaultConfigurationName = Release;
		};
		FF884FCC2F958F5F007F4D13 /* Build configuration list for PBXNativeTarget "StreamingAppUITests" */ = {
			isa = XCConfigurationList;
			buildConfigurations = (
				FF884FCD2F958F5F007F4D13 /* Debug */,
				FF884FCE2F958F5F007F4D13 /* Release */,
			);
			defaultConfigurationIsVisible = 0;
			defaultConfigurationName = Release;
		};
/* End XCConfigurationList section */

/* Begin XCRemoteSwiftPackageReference section */
		FF884FCF2F959005007F4D13 /* XCRemoteSwiftPackageReference "lottie-spm" */ = {
			isa = XCRemoteSwiftPackageReference;
			repositoryURL = "https://github.com/airbnb/lottie-spm.git";
			requirement = {
				kind = upToNextMajorVersion;
				minimumVersion = 4.6.0;
			};
		};
		FF884FD22F95905E007F4D13 /* XCRemoteSwiftPackageReference "Kingfisher" */ = {
			isa = XCRemoteSwiftPackageReference;
			repositoryURL = "https://github.com/onevcat/Kingfisher.git";
			requirement = {
				kind = upToNextMajorVersion;
				minimumVersion = 8.8.1;
			};
		};
/* End XCRemoteSwiftPackageReference section */

/* Begin XCSwiftPackageProductDependency section */
		FF884FD02F959005007F4D13 /* Lottie */ = {
			isa = XCSwiftPackageProductDependency;
			package = FF884FCF2F959005007F4D13 /* XCRemoteSwiftPackageReference "lottie-spm" */;
			productName = Lottie;
		};
		FF884FD32F95905E007F4D13 /* Kingfisher */ = {
			isa = XCSwiftPackageProductDependency;
			package = FF884FD22F95905E007F4D13 /* XCRemoteSwiftPackageReference "Kingfisher" */;
			productName = Kingfisher;
		};
/* End XCSwiftPackageProductDependency section */
	};
	rootObject = FF884F952F958F5D007F4D13 /* Project object */;
}
